
Microsoft Visual Studio Solution File, Format Version 12.00
# Visual Studio Version 17
VisualStudioVersion = 17.6.33829.357
MinimumVisualStudioVersion = 10.0.40219.1
Project("{FAE04EC0-301F-11D3-BF4B-00C04F79EFBC}") = "CityInfo.Api", "CityInfo.Api\CityInfo.Api.csproj", "{59B2BAE0-BBE9-48AE-8679-B821A6695878}"
EndProject
Global
	GlobalSection(SolutionConfigurationPlatforms) = preSolution
		Debug|Any CPU = Debug|Any CPU
		Release|Any CPU = Release|Any CPU
	EndGlobalSection
	GlobalSection(ProjectConfigurationPlatforms) = postSolution
		{59B2BAE0-BBE9-48AE-8679-B821A6695878}.Debug|Any CPU.ActiveCfg = Debug|Any CPU
		{59B2BAE0-BBE9-48AE-8679-B821A6695878}.Debug|Any CPU.Build.0 = Debug|Any CPU
		{59B2BAE0-BBE9-48AE-8679-B821A6695878}.Release|Any CPU.ActiveCfg = Release|Any CPU
		{59B2BAE0-BBE9-48AE-8679-B821A6695878}.Release|Any CPU.Build.0 = Release|Any CPU
	EndGlobalSection
	GlobalSection(SolutionProperties) = preSolution
		HideSolutionNode = FALSE
	EndGlobalSection
	GlobalSection(ExtensibilityGlobals) = postSolution
		SolutionGuid = {B4ED3B87-2908-41AB-B9C0-CF6D696F9684}
	EndGlobalSection
EndGlobal
